
Microsoft Visual Studio Solution File, Format Version 12.00
# Visual Studio 15
VisualStudioVersion = 15.0.27004.2005
MinimumVisualStudioVersion = 10.0.40219.1
Project("{FAE04EC0-301F-11D3-BF4B-00C04F79EFBC}") = "IsItRaining", "IsItRaining\IsItRaining.csproj", "{BC14507F-55FA-432F-8607-DA7DFE528553}"
EndProject
Project("{FAE04EC0-301F-11D3-BF4B-00C04F79EFBC}") = "OpenWeatherMap.Api", "OpenWeatherMap.Api\OpenWeatherMap.Api.csproj", "{8917A946-EB30-4216-8F33-D4687C9F7E94}"
EndProject
Project("{FAE04EC0-301F-11D3-BF4B-00C04F79EFBC}") = "IsItRaining.Tests", "IsItRaining.Tests\IsItRaining.Tests.csproj", "{45E350A6-500F-4461-A28B-027ECCD64C6C}"
EndProject
Global
	GlobalSection(SolutionConfigurationPlatforms) = preSolution
		Debug|Any CPU = Debug|Any CPU
		Release|Any CPU = Release|Any CPU
	EndGlobalSection
	GlobalSection(ProjectConfigurationPlatforms) = postSolution
		{BC14507F-55FA-432F-8607-DA7DFE528553}.Debug|Any CPU.ActiveCfg = Debug|Any CPU
		{BC14507F-55FA-432F-8607-DA7DFE528553}.Debug|Any CPU.Build.0 = Debug|Any CPU
		{BC14507F-55FA-432F-8607-DA7DFE528553}.Release|Any CPU.ActiveCfg = Release|Any CPU
		{BC14507F-55FA-432F-8607-DA7DFE528553}.Release|Any CPU.Build.0 = Release|Any CPU
		{8917A946-EB30-4216-8F33-D4687C9F7E94}.Debug|Any CPU.ActiveCfg = Debug|Any CPU
		{8917A946-EB30-4216-8F33-D4687C9F7E94}.Debug|Any CPU.Build.0 = Debug|Any CPU
		{8917A946-EB30-4216-8F33-D4687C9F7E94}.Release|Any CPU.ActiveCfg = Release|Any CPU
		{8917A946-EB30-4216-8F33-D4687C9F7E94}.Release|Any CPU.Build.0 = Release|Any CPU
		{45E350A6-500F-4461-A28B-027ECCD64C6C}.Debug|Any CPU.ActiveCfg = Debug|Any CPU
		{45E350A6-500F-4461-A28B-027ECCD64C6C}.Debug|Any CPU.Build.0 = Debug|Any CPU
		{45E350A6-500F-4461-A28B-027ECCD64C6C}.Release|Any CPU.ActiveCfg = Release|Any CPU
		{45E350A6-500F-4461-A28B-027ECCD64C6C}.Release|Any CPU.Build.0 = Release|Any CPU
	EndGlobalSection
	GlobalSection(SolutionProperties) = preSolution
		HideSolutionNode = FALSE
	EndGlobalSection
	GlobalSection(ExtensibilityGlobals) = postSolution
		SolutionGuid = {6340F0A4-79EE-40AB-BC79-23D3615F823B}
	EndGlobalSection
EndGlobal
